
Microsoft Visual Studio Solution File, Format Version 12.00
# Visual Studio Version 17
VisualStudioVersion = 17.13.35825.156 d17.13
MinimumVisualStudioVersion = 10.0.40219.1
Project("{FAE04EC0-301F-11D3-BF4B-00C04F79EFBC}") = "GiveAid", "GiveAid\GiveAid.csproj", "{80015B6B-FAB6-4540-9E9F-0891594269F5}"
EndProject
Global
	GlobalSection(SolutionConfigurationPlatforms) = preSolution
		Debug|Any CPU = Debug|Any CPU
		Release|Any CPU = Release|Any CPU
	EndGlobalSection
	GlobalSection(ProjectConfigurationPlatforms) = postSolution
		{80015B6B-FAB6-4540-9E9F-0891594269F5}.Debug|Any CPU.ActiveCfg = Debug|Any CPU
		{80015B6B-FAB6-4540-9E9F-0891594269F5}.Debug|Any CPU.Build.0 = Debug|Any CPU
		{80015B6B-FAB6-4540-9E9F-0891594269F5}.Release|Any CPU.ActiveCfg = Release|Any CPU
		{80015B6B-FAB6-4540-9E9F-0891594269F5}.Release|Any CPU.Build.0 = Release|Any CPU
	EndGlobalSection
	GlobalSection(SolutionProperties) = preSolution
		HideSolutionNode = FALSE
	EndGlobalSection
	GlobalSection(ExtensibilityGlobals) = postSolution
		SolutionGuid = {214B0BC9-D4DD-465A-88C8-979EC725391C}
	EndGlobalSection
EndGlobal
